
Microsoft Visual Studio Solution File, Format Version 12.00
# Visual Studio 2012
Project("{FAE04EC0-301F-11D3-BF4B-00C04F79EFBC}") = "TGMCProject", "TGMCProject\TGMCProject.csproj", "{0EEC4933-88B2-4F2D-8260-5B7EA45193B5}"
	ProjectSection(ProjectDependencies) = postProject
		{552787DF-AF3D-4249-8B36-2CFBDB9E0ED7} = {552787DF-AF3D-4249-8B36-2CFBDB9E0ED7}
	EndProjectSection
EndProject
Project("{FAE04EC0-301F-11D3-BF4B-00C04F79EFBC}") = "Core", "Core\Core.csproj", "{D22A466F-8960-49CC-8DA7-2ACE5411CF7B}"
EndProject
Project("{FAE04EC0-301F-11D3-BF4B-00C04F79EFBC}") = "UnitTests", "UnitTests\UnitTests.csproj", "{90DA2B59-4204-4942-8C4D-46BC90B31F34}"
EndProject
Project("{FAE04EC0-301F-11D3-BF4B-00C04F79EFBC}") = "LogisticRegression", "LogisticRegression\LogisticRegression.csproj", "{FD5132C4-F4E2-4114-B87B-9894326759A2}"
EndProject
Project("{2150E333-8FDC-42A3-9474-1A3956D46DE8}") = ".nuget", ".nuget", "{B0C5F772-0F44-4284-A5D2-05BEE828C67B}"
	ProjectSection(SolutionItems) = preProject
		.nuget\NuGet.Config = .nuget\NuGet.Config
		.nuget\NuGet.exe = .nuget\NuGet.exe
		.nuget\NuGet.targets = .nuget\NuGet.targets
	EndProjectSection
EndProject
Project("{FAE04EC0-301F-11D3-BF4B-00C04F79EFBC}") = "FuzzySVM", "FuzzySVM\FuzzySVM.csproj", "{552787DF-AF3D-4249-8B36-2CFBDB9E0ED7}"
	ProjectSection(ProjectDependencies) = postProject
		{D22A466F-8960-49CC-8DA7-2ACE5411CF7B} = {D22A466F-8960-49CC-8DA7-2ACE5411CF7B}
	EndProjectSection
EndProject
Global
	GlobalSection(SolutionConfigurationPlatforms) = preSolution
		Debug|Any CPU = Debug|Any CPU
		Release|Any CPU = Release|Any CPU
	EndGlobalSection
	GlobalSection(ProjectConfigurationPlatforms) = postSolution
		{0EEC4933-88B2-4F2D-8260-5B7EA45193B5}.Debug|Any CPU.ActiveCfg = Debug|Any CPU
		{0EEC4933-88B2-4F2D-8260-5B7EA45193B5}.Debug|Any CPU.Build.0 = Debug|Any CPU
		{0EEC4933-88B2-4F2D-8260-5B7EA45193B5}.Release|Any CPU.ActiveCfg = Release|Any CPU
		{0EEC4933-88B2-4F2D-8260-5B7EA45193B5}.Release|Any CPU.Build.0 = Release|Any CPU
		{D22A466F-8960-49CC-8DA7-2ACE5411CF7B}.Debug|Any CPU.ActiveCfg = Debug|Any CPU
		{D22A466F-8960-49CC-8DA7-2ACE5411CF7B}.Debug|Any CPU.Build.0 = Debug|Any CPU
		{D22A466F-8960-49CC-8DA7-2ACE5411CF7B}.Release|Any CPU.ActiveCfg = Release|Any CPU
		{D22A466F-8960-49CC-8DA7-2ACE5411CF7B}.Release|Any CPU.Build.0 = Release|Any CPU
		{90DA2B59-4204-4942-8C4D-46BC90B31F34}.Debug|Any CPU.ActiveCfg = Debug|Any CPU
		{90DA2B59-4204-4942-8C4D-46BC90B31F34}.Debug|Any CPU.Build.0 = Debug|Any CPU
		{90DA2B59-4204-4942-8C4D-46BC90B31F34}.Release|Any CPU.ActiveCfg = Release|Any CPU
		{90DA2B59-4204-4942-8C4D-46BC90B31F34}.Release|Any CPU.Build.0 = Release|Any CPU
		{FD5132C4-F4E2-4114-B87B-9894326759A2}.Debug|Any CPU.ActiveCfg = Debug|Any CPU
		{FD5132C4-F4E2-4114-B87B-9894326759A2}.Debug|Any CPU.Build.0 = Debug|Any CPU
		{FD5132C4-F4E2-4114-B87B-9894326759A2}.Release|Any CPU.ActiveCfg = Release|Any CPU
		{FD5132C4-F4E2-4114-B87B-9894326759A2}.Release|Any CPU.Build.0 = Release|Any CPU
		{552787DF-AF3D-4249-8B36-2CFBDB9E0ED7}.Debug|Any CPU.ActiveCfg = Debug|Any CPU
		{552787DF-AF3D-4249-8B36-2CFBDB9E0ED7}.Debug|Any CPU.Build.0 = Debug|Any CPU
		{552787DF-AF3D-4249-8B36-2CFBDB9E0ED7}.Release|Any CPU.ActiveCfg = Release|Any CPU
		{552787DF-AF3D-4249-8B36-2CFBDB9E0ED7}.Release|Any CPU.Build.0 = Release|Any CPU
	EndGlobalSection
	GlobalSection(SolutionProperties) = preSolution
		HideSolutionNode = FALSE
	EndGlobalSection
EndGlobal
